%{
  "earmark": {:hex, :earmark, "1.2.4", "99b637c62a4d65a20a9fb674b8cffb8baa771c04605a80c911c4418c69b75439", [:mix], [], "hexpm", "1b34655872366414f69dd987cb121c049f76984b6ac69f52fff6d8fd64d29cfd"},
  "ex_doc": {:hex, :ex_doc, "0.18.3", "f4b0e4a2ec6f333dccf761838a4b253d75e11f714b85ae271c9ae361367897b7", [:mix], [{:earmark, "~> 1.1", [hex: :earmark, repo: "hexpm", optional: false]}], "hexpm", "33d7b70d87d45ed899180fb0413fb77c7c48843188516e15747e00fdecf572b6"},
  "gen_state_machine": {:hex, :gen_state_machine, "2.0.1", "85efd5a0376929c3a4246dd943e17564a2908c7ddd7acd242d84594e785d83f8", [:mix], [], "hexpm", "b673deca834dbdf1f082697fb9b9725badefbaf283ba0cd5b4864f18a74a9fe0"},
  "meck": {:hex, :meck, "0.9.0", "cb40c223cf403db2d09def59d32d3682074ebecceb64f3e6f6c4477458df124d", [:rebar3], [], "hexpm", "f813e90dd0b89b2516a0201a355e84b1abc78b5751aa0cbf669a9d85a810ac63"},
  "propcheck": {:hex, :propcheck, "1.0.4", "f83174301b637bce011a4ebf0e4f10e9bae38d6eefebdd117677c7884bc99aa4", [:mix], [{:proper, "~> 1.2.0", [hex: :proper, repo: "hexpm", optional: false]}], "hexpm", "b77d96e155d0c569fd1b18275655751ddf59483bd6e7e6ff5d54fb5bdd3be224"},
  "proper": {:hex, :proper, "1.2.0", "1466492385959412a02871505434e72e92765958c60dba144b43863554b505a4", [:make, :mix, :rebar3], [], "hexpm", "cbc3766c08337806741343d330bf4bcb826155d2141be8514c4b02858aa19fd3"},
}
